// !$*UTF8*$!
{
	archiveVersion = 1;
	classes = {
	};
	objectVersion = 55;
	objects = {

/* Begin PBXBuildFile section */
		6B1C5660276612F1009582E4 /* chair_swan.usdz in Resources */ = {isa = PBXBuildFile; fileRef = 6B1C565D276612EF009582E4 /* chair_swan.usdz */; };
		6B1C5662276612F1009582E4 /* teapot.usdz in Resources */ = {isa = PBXBuildFile; fileRef = 6B1C565F276612F1009582E4 /* teapot.usdz */; };
		6B1C566427661324009582E4 /* shoe.usdz in Resources */ = {isa = PBXBuildFile; fileRef = 6B1C566327661324009582E4 /* shoe.usdz */; };
		6BB172DD276532AC00FED454 /* chooseClueViewController.swift in Sources */ = {isa = PBXBuildFile; fileRef = 6BB172DC276532AC00FED454 /* chooseClueViewController.swift */; };
		6BC2207F2764C4500009C9A6 /* AppDelegate.swift in Sources */ = {isa = PBXBuildFile; fileRef = 6BC2207E2764C4500009C9A6 /* AppDelegate.swift */; };
		6BC220812764C4500009C9A6 /* SceneDelegate.swift in Sources */ = {isa = PBXBuildFile; fileRef = 6BC220802764C4500009C9A6 /* SceneDelegate.swift */; };
		6BC220832764C4500009C9A6 /* ViewController.swift in Sources */ = {isa = PBXBuildFile; fileRef = 6BC220822764C4500009C9A6 /* ViewController.swift */; };
		6BC220862764C4500009C9A6 /* Main.storyboard in Resources */ = {isa = PBXBuildFile; fileRef = 6BC220842764C4500009C9A6 /* Main.storyboard */; };
		6BC220882764C4520009C9A6 /* Assets.xcassets in Resources */ = {isa = PBXBuildFile; fileRef = 6BC220872764C4520009C9A6 /* Assets.xcassets */; };
		6BC2208B2764C4520009C9A6 /* LaunchScreen.storyboard in Resources */ = {isa = PBXBuildFile; fileRef = 6BC220892764C4520009C9A6 /* LaunchScreen.storyboard */; };
		6BC220932764C9010009C9A6 /* createChallengeViewController.swift in Sources */ = {isa = PBXBuildFile; fileRef = 6BC220922764C9010009C9A6 /* createChallengeViewController.swift */; };
		6BC220952764CB7B0009C9A6 /* arViewController.swift in Sources */ = {isa = PBXBuildFile; fileRef = 6BC220942764CB7B0009C9A6 /* arViewController.swift */; };
		6BC220972764D0570009C9A6 /* cup_saucer_set.usdz in Resources */ = {isa = PBXBuildFile; fileRef = 6BC220962764D0570009C9A6 /* cup_saucer_set.usdz */; };
/* End PBXBuildFile section */

/* Begin PBXFileReference section */
		6B1C565D276612EF009582E4 /* chair_swan.usdz */ = {isa = PBXFileReference; lastKnownFileType = file.usdz; path = chair_swan.usdz; sourceTree = "<group>"; };
		6B1C565F276612F1009582E4 /* teapot.usdz */ = {isa = PBXFileReference; lastKnownFileType = file.usdz; path = teapot.usdz; sourceTree = "<group>"; };
		6B1C566327661324009582E4 /* shoe.usdz */ = {isa = PBXFileReference; lastKnownFileType = file.usdz; path = shoe.usdz; sourceTree = "<group>"; };
		6BB172DC276532AC00FED454 /* chooseClueViewController.swift */ = {isa = PBXFileReference; lastKnownFileType = sourcecode.swift; path = chooseClueViewController.swift; sourceTree = "<group>"; };
		6BC2207B2764C4500009C9A6 /* FindVR.app */ = {isa = PBXFileReference; explicitFileType = wrapper.application; includeInIndex = 0; path = FindVR.app; sourceTree = BUILT_PRODUCTS_DIR; };
		6BC2207E2764C4500009C9A6 /* AppDelegate.swift */ = {isa = PBXFileReference; lastKnownFileType = sourcecode.swift; path = AppDelegate.swift; sourceTree = "<group>"; };
		6BC220802764C4500009C9A6 /* SceneDelegate.swift */ = {isa = PBXFileReference; lastKnownFileType = sourcecode.swift; path = SceneDelegate.swift; sourceTree = "<group>"; };
		6BC220822764C4500009C9A6 /* ViewController.swift */ = {isa = PBXFileReference; lastKnownFileType = sourcecode.swift; path = ViewController.swift; sourceTree = "<group>"; };
		6BC220852764C4500009C9A6 /* Base */ = {isa = PBXFileReference; lastKnownFileType = file.storyboard; name = Base; path = Base.lproj/Main.storyboard; sourceTree = "<group>"; };
		6BC220872764C4520009C9A6 /* Assets.xcassets */ = {isa = PBXFileReference; lastKnownFileType = folder.assetcatalog; path = Assets.xcassets; sourceTree = "<group>"; };
		6BC2208A2764C4520009C9A6 /* Base */ = {isa = PBXFileReference; lastKnownFileType = file.storyboard; name = Base; path = Base.lproj/LaunchScreen.storyboard; sourceTree = "<group>"; };
		6BC2208C2764C4520009C9A6 /* Info.plist */ = {isa = PBXFileReference; lastKnownFileType = text.plist.xml; path = Info.plist; sourceTree = "<group>"; };
		6BC220922764C9010009C9A6 /* createChallengeViewController.swift */ = {isa = PBXFileReference; lastKnownFileType = sourcecode.swift; path = createChallengeViewController.swift; sourceTree = "<group>"; };
		6BC220942764CB7B0009C9A6 /* arViewController.swift */ = {isa = PBXFileReference; lastKnownFileType = sourcecode.swift; path = arViewController.swift; sourceTree = "<group>"; };
		6BC220962764D0570009C9A6 /* cup_saucer_set.usdz */ = {isa = PBXFileReference; lastKnownFileType = file.usdz; path = cup_saucer_set.usdz; sourceTree = "<group>"; };
/* End PBXFileReference section */

/* Begin PBXFrameworksBuildPhase section */
		6BC220782764C4500009C9A6 /* Frameworks */ = {
			isa = PBXFrameworksBuildPhase;
			buildActionMask = 2147483647;
			files = (
			);
			runOnlyForDeploymentPostprocessing = 0;
		};
/* End PBXFrameworksBuildPhase section */

/* Begin PBXGroup section */
		6BC220722764C4500009C9A6 = {
			isa = PBXGroup;
			children = (
				6BC2207D2764C4500009C9A6 /* FindVR */,
				6BC2207C2764C4500009C9A6 /* Products */,
			);
			sourceTree = "<group>";
		};
		6BC2207C2764C4500009C9A6 /* Products */ = {
			isa = PBXGroup;
			children = (
				6BC2207B2764C4500009C9A6 /* FindVR.app */,
			);
			name = Products;
			sourceTree = "<group>";
		};
		6BC2207D2764C4500009C9A6 /* FindVR */ = {
			isa = PBXGroup;
			children = (
				6BC220962764D0570009C9A6 /* cup_saucer_set.usdz */,
				6B1C565D276612EF009582E4 /* chair_swan.usdz */,
				6B1C566327661324009582E4 /* shoe.usdz */,
				6B1C565F276612F1009582E4 /* teapot.usdz */,
				6BC2207E2764C4500009C9A6 /* AppDelegate.swift */,
				6BC220802764C4500009C9A6 /* SceneDelegate.swift */,
				6BC220822764C4500009C9A6 /* ViewController.swift */,
				6BC220922764C9010009C9A6 /* createChallengeViewController.swift */,
				6BC220942764CB7B0009C9A6 /* arViewController.swift */,
				6BB172DC276532AC00FED454 /* chooseClueViewController.swift */,
				6BC220842764C4500009C9A6 /* Main.storyboard */,
				6BC220892764C4520009C9A6 /* LaunchScreen.storyboard */,
				6BC2208C2764C4520009C9A6 /* Info.plist */,
				6BC220872764C4520009C9A6 /* Assets.xcassets */,
			);
			path = FindVR;
			sourceTree = "<group>";
		};
/* End PBXGroup section */

/* Begin PBXNativeTarget section */
		6BC2207A2764C4500009C9A6 /* FindVR */ = {
			isa = PBXNativeTarget;
			buildConfigurationList = 6BC2208F2764C4520009C9A6 /* Build configuration list for PBXNativeTarget "FindVR" */;
			buildPhases = (
				6BC220772764C4500009C9A6 /* Sources */,
				6BC220782764C4500009C9A6 /* Frameworks */,
				6BC220792764C4500009C9A6 /* Resources */,
			);
			buildRules = (
			);
			dependencies = (
			);
			name = FindVR;
			productName = FindVR;
			productReference = 6BC2207B2764C4500009C9A6 /* FindVR.app */;
			productType = "com.apple.product-type.application";
		};
/* End PBXNativeTarget section */

/* Begin PBXProject section */
		6BC220732764C4500009C9A6 /* Project object */ = {
			isa = PBXProject;
			attributes = {
				BuildIndependentTargetsInParallel = 1;
				LastSwiftUpdateCheck = 1310;
				LastUpgradeCheck = 1310;
				TargetAttributes = {
					6BC2207A2764C4500009C9A6 = {
						CreatedOnToolsVersion = 13.1;
					};
				};
			};
			buildConfigurationList = 6BC220762764C4500009C9A6 /* Build configuration list for PBXProject "FindVR" */;
			compatibilityVersion = "Xcode 13.0";
			developmentRegion = en;
			hasScannedForEncodings = 0;
			knownRegions = (
				en,
				Base,
			);
			mainGroup = 6BC220722764C4500009C9A6;
			productRefGroup = 6BC2207C2764C4500009C9A6 /* Products */;
			projectDirPath = "";
			projectRoot = "";
			targets = (
				6BC2207A2764C4500009C9A6 /* FindVR */,
			);
		};
/* End PBXProject section */

/* Begin PBXResourcesBuildPhase section */
		6BC220792764C4500009C9A6 /* Resources */ = {
			isa = PBXResourcesBuildPhase;
			buildActionMask = 2147483647;
			files = (
				6BC220972764D0570009C9A6 /* cup_saucer_set.usdz in Resources */,
				6BC2208B2764C4520009C9A6 /* LaunchScreen.storyboard in Resources */,
				6B1C5662276612F1009582E4 /* teapot.usdz in Resources */,
				6B1C566427661324009582E4 /* shoe.usdz in Resources */,
				6BC220882764C4520009C9A6 /* Assets.xcassets in Resources */,
				6B1C5660276612F1009582E4 /* chair_swan.usdz in Resources */,
				6BC220862764C4500009C9A6 /* Main.storyboard in Resources */,
			);
			runOnlyForDeploymentPostprocessing = 0;
		};
/* End PBXResourcesBuildPhase section */

/* Begin PBXSourcesBuildPhase section */
		6BC220772764C4500009C9A6 /* Sources */ = {
			isa = PBXSourcesBuildPhase;
			buildActionMask = 2147483647;
			files = (
				6BC220932764C9010009C9A6 /* createChallengeViewController.swift in Sources */,
				6BC220832764C4500009C9A6 /* ViewController.swift in Sources */,
				6BC2207F2764C4500009C9A6 /* AppDelegate.swift in Sources */,
				6BC220952764CB7B0009C9A6 /* arViewController.swift in Sources */,
				6BB172DD276532AC00FED454 /* chooseClueViewController.swift in Sources */,
				6BC220812764C4500009C9A6 /* SceneDelegate.swift in Sources */,
			);
			runOnlyForDeploymentPostprocessing = 0;
		};
/* End PBXSourcesBuildPhase section */

/* Begin PBXVariantGroup section */
		6BC220842764C4500009C9A6 /* Main.storyboard */ = {
			isa = PBXVariantGroup;
			children = (
				6BC220852764C4500009C9A6 /* Base */,
			);
			name = Main.storyboard;
			sourceTree = "<group>";
		};
		6BC220892764C4520009C9A6 /* LaunchScreen.storyboard */ = {
			isa = PBXVariantGroup;
			children = (
				6BC2208A2764C4520009C9A6 /* Base */,
			);
			name = LaunchScreen.storyboard;
			sourceTree = "<group>";
		};
/* End PBXVariantGroup section */

/* Begin XCBuildConfiguration section */
		6BC2208D2764C4520009C9A6 /* Debug */ = {
			isa = XCBuildConfiguration;
			buildSettings = {
				ALWAYS_SEARCH_USER_PATHS = NO;
				CLANG_ANALYZER_NONNULL = YES;
				CLANG_ANALYZER_NUMBER_OBJECT_CONVERSION = YES_AGGRESSIVE;
				CLANG_CXX_LANGUAGE_STANDARD = "gnu++17";
				CLANG_CXX_LIBRARY = "libc++";
				CLANG_ENABLE_MODULES = YES;
				CLANG_ENABLE_OBJC_ARC = YES;
				CLANG_ENABLE_OBJC_WEAK = YES;
				CLANG_WARN_BLOCK_CAPTURE_AUTORELEASING = YES;
				CLANG_WARN_BOOL_CONVERSION = YES;
				CLANG_WARN_COMMA = YES;
				CLANG_WARN_CONSTANT_CONVERSION = YES;
				CLANG_WARN_DEPRECATED_OBJC_IMPLEMENTATIONS = YES;
				CLANG_WARN_DIRECT_OBJC_ISA_USAGE = YES_ERROR;
				CLANG_WARN_DOCUMENTATION_COMMENTS = YES;
				CLANG_WARN_EMPTY_BODY = YES;
				CLANG_WARN_ENUM_CONVERSION = YES;
				CLANG_WARN_INFINITE_RECURSION = YES;
				CLANG_WARN_INT_CONVERSION = YES;
				CLANG_WARN_NON_LITERAL_NULL_CONVERSION = YES;
				CLANG_WARN_OBJC_IMPLICIT_RETAIN_SELF = YES;
				CLANG_WARN_OBJC_LITERAL_CONVERSION = YES;
				CLANG_WARN_OBJC_ROOT_CLASS = YES_ERROR;
				CLANG_WARN_QUOTED_INCLUDE_IN_FRAMEWORK_HEADER = YES;
				CLANG_WARN_RANGE_LOOP_ANALYSIS = YES;
				CLANG_WARN_STRICT_PROTOTYPES = YES;
				CLANG_WARN_SUSPICIOUS_MOVE = YES;
				CLANG_WARN_UNGUARDED_AVAILABILITY = YES_AGGRESSIVE;
				CLANG_WARN_UNREACHABLE_CODE = YES;
				CLANG_WARN__DUPLICATE_METHOD_MATCH = YES;
				COPY_PHASE_STRIP = NO;
				DEBUG_INFORMATION_FORMAT = dwarf;
				ENABLE_STRICT_OBJC_MSGSEND = YES;
				ENABLE_TESTABILITY = YES;
				GCC_C_LANGUAGE_STANDARD = gnu11;
				GCC_DYNAMIC_NO_PIC = NO;
				GCC_NO_COMMON_BLOCKS = YES;
				GCC_OPTIMIZATION_LEVEL = 0;
				GCC_PREPROCESSOR_DEFINITIONS = (
					"DEBUG=1",
					"$(inherited)",
				);
				GCC_WARN_64_TO_32_BIT_CONVERSION = YES;
				GCC_WARN_ABOUT_RETURN_TYPE = YES_ERROR;
				GCC_WARN_UNDECLARED_SELECTOR = YES;
				GCC_WARN_UNINITIALIZED_AUTOS = YES_AGGRESSIVE;
				GCC_WARN_UNUSED_FUNCTION = YES;
				GCC_WARN_UNUSED_VARIABLE = YES;
				IPHONEOS_DEPLOYMENT_TARGET = 15.0;
				MTL_ENABLE_DEBUG_INFO = INCLUDE_SOURCE;
				MTL_FAST_MATH = YES;
				ONLY_ACTIVE_ARCH = YES;
				SDKROOT = iphoneos;
				SWIFT_ACTIVE_COMPILATION_CONDITIONS = DEBUG;
				SWIFT_OPTIMIZATION_LEVEL = "-Onone";
			};
			name = Debug;
		};
		6BC2208E2764C4520009C9A6 /* Release */ = {
			isa = XCBuildConfiguration;
			buildSettings = {
				ALWAYS_SEARCH_USER_PATHS = NO;
				CLANG_ANALYZER_NONNULL = YES;
				CLANG_ANALYZER_NUMBER_OBJECT_CONVERSION = YES_AGGRESSIVE;
				CLANG_CXX_LANGUAGE_STANDARD = "gnu++17";
				CLANG_CXX_LIBRARY = "libc++";
				CLANG_ENABLE_MODULES = YES;
				CLANG_ENABLE_OBJC_ARC = YES;
				CLANG_ENABLE_OBJC_WEAK = YES;
				CLANG_WARN_BLOCK_CAPTURE_AUTORELEASING = YES;
				CLANG_WARN_BOOL_CONVERSION = YES;
				CLANG_WARN_COMMA = YES;
				CLANG_WARN_CONSTANT_CONVERSION = YES;
				CLANG_WARN_DEPRECATED_OBJC_IMPLEMENTATIONS = YES;
				CLANG_WARN_DIRECT_OBJC_ISA_USAGE = YES_ERROR;
				CLANG_WARN_DOCUMENTATION_COMMENTS = YES;
				CLANG_WARN_EMPTY_BODY = YES;
				CLANG_WARN_ENUM_CONVERSION = YES;
				CLANG_WARN_INFINITE_RECURSION = YES;
				CLANG_WARN_INT_CONVERSION = YES;
				CLANG_WARN_NON_LITERAL_NULL_CONVERSION = YES;
				CLANG_WARN_OBJC_IMPLICIT_RETAIN_SELF = YES;
				CLANG_WARN_OBJC_LITERAL_CONVERSION = YES;
				CLANG_WARN_OBJC_ROOT_CLASS = YES_ERROR;
				CLANG_WARN_QUOTED_INCLUDE_IN_FRAMEWORK_HEADER = YES;
				CLANG_WARN_RANGE_LOOP_ANALYSIS = YES;
				CLANG_WARN_STRICT_PROTOTYPES = YES;
				CLANG_WARN_SUSPICIOUS_MOVE = YES;
				CLANG_WARN_UNGUARDED_AVAILABILITY = YES_AGGRESSIVE;
				CLANG_WARN_UNREACHABLE_CODE = YES;
				CLANG_WARN__DUPLICATE_METHOD_MATCH = YES;
				COPY_PHASE_STRIP = NO;
				DEBUG_INFORMATION_FORMAT = "dwarf-with-dsym";
				ENABLE_NS_ASSERTIONS = NO;
				ENABLE_STRICT_OBJC_MSGSEND = YES;
				GCC_C_LANGUAGE_STANDARD = gnu11;
				GCC_NO_COMMON_BLOCKS = YES;
				GCC_WARN_64_TO_32_BIT_CONVERSION = YES;
				GCC_WARN_ABOUT_RETURN_TYPE = YES_ERROR;
				GCC_WARN_UNDECLARED_SELECTOR = YES;
				GCC_WARN_UNINITIALIZED_AUTOS = YES_AGGRESSIVE;
				GCC_WARN_UNUSED_FUNCTION = YES;
				GCC_WARN_UNUSED_VARIABLE = YES;
				IPHONEOS_DEPLOYMENT_TARGET = 15.0;
				MTL_ENABLE_DEBUG_INFO = NO;
				MTL_FAST_MATH = YES;
				SDKROOT = iphoneos;
				SWIFT_COMPILATION_MODE = wholemodule;
				SWIFT_OPTIMIZATION_LEVEL = "-O";
				VALIDATE_PRODUCT = YES;
			};
			name = Release;
		};
		6BC220902764C4520009C9A6 /* Debug */ = {
			isa = XCBuildConfiguration;
			buildSettings = {
				ASSETCATALOG_COMPILER_APPICON_NAME = AppIcon;
				ASSETCATALOG_COMPILER_GLOBAL_ACCENT_COLOR_NAME = AccentColor;
				CODE_SIGN_STYLE = Automatic;
				CURRENT_PROJECT_VERSION = 1;
				DEVELOPMENT_TEAM = 48D2NNJWZU;
				GENERATE_INFOPLIST_FILE = YES;
				INFOPLIST_FILE = FindVR/Info.plist;
				INFOPLIST_KEY_UIApplicationSupportsIndirectInputEvents = YES;
				INFOPLIST_KEY_UILaunchStoryboardName = LaunchScreen;
				INFOPLIST_KEY_UIMainStoryboardFile = Main;
				INFOPLIST_KEY_UISupportedInterfaceOrientations_iPad = "UIInterfaceOrientationPortrait UIInterfaceOrientationPortraitUpsideDown UIInterfaceOrientationLandscapeLeft UIInterfaceOrientationLandscapeRight";
				INFOPLIST_KEY_UISupportedInterfaceOrientations_iPhone = "UIInterfaceOrientationPortrait UIInterfaceOrientationLandscapeLeft UIInterfaceOrientationLandscapeRight";
				LD_RUNPATH_SEARCH_PATHS = (
					"$(inherited)",
					"@executable_path/Frameworks",
				);
				MARKETING_VERSION = 1.0;
				PRODUCT_BUNDLE_IDENTIFIER = com.VR.FindVR;
				PRODUCT_NAME = "$(TARGET_NAME)";
				SWIFT_EMIT_LOC_STRINGS = YES;
				SWIFT_VERSION = 5.0;
				TARGETED_DEVICE_FAMILY = "1,2";
			};
			name = Debug;
		};
		6BC220912764C4520009C9A6 /* Release */ = {
			isa = XCBuildConfiguration;
			buildSettings = {
				ASSETCATALOG_COMPILER_APPICON_NAME = AppIcon;
				ASSETCATALOG_COMPILER_GLOBAL_ACCENT_COLOR_NAME = AccentColor;
				CODE_SIGN_STYLE = Automatic;
				CURRENT_PROJECT_VERSION = 1;
				DEVELOPMENT_TEAM = 48D2NNJWZU;
				GENERATE_INFOPLIST_FILE = YES;
				INFOPLIST_FILE = FindVR/Info.plist;
				INFOPLIST_KEY_UIApplicationSupportsIndirectInputEvents = YES;
				INFOPLIST_KEY_UILaunchStoryboardName = LaunchScreen;
				INFOPLIST_KEY_UIMainStoryboardFile = Main;
				INFOPLIST_KEY_UISupportedInterfaceOrientations_iPad = "UIInterfaceOrientationPortrait UIInterfaceOrientationPortraitUpsideDown UIInterfaceOrientationLandscapeLeft UIInterfaceOrientationLandscapeRight";
				INFOPLIST_KEY_UISupportedInterfaceOrientations_iPhone = "UIInterfaceOrientationPortrait UIInterfaceOrientationLandscapeLeft UIInterfaceOrientationLandscapeRight";
				LD_RUNPATH_SEARCH_PATHS = (
					"$(inherited)",
					"@executable_path/Frameworks",
				);
				MARKETING_VERSION = 1.0;
				PRODUCT_BUNDLE_IDENTIFIER = com.VR.FindVR;
				PRODUCT_NAME = "$(TARGET_NAME)";
				SWIFT_EMIT_LOC_STRINGS = YES;
				SWIFT_VERSION = 5.0;
				TARGETED_DEVICE_FAMILY = "1,2";
			};
			name = Release;
		};
/* End XCBuildConfiguration section */

/* Begin XCConfigurationList section */
		6BC220762764C4500009C9A6 /* Build configuration list for PBXProject "FindVR" */ = {
			isa = XCConfigurationList;
			buildConfigurations = (
				6BC2208D2764C4520009C9A6 /* Debug */,
				6BC2208E2764C4520009C9A6 /* Release */,
			);
			defaultConfigurationIsVisible = 0;
			defaultConfigurationName = Release;
		};
		6BC2208F2764C4520009C9A6 /* Build configuration list for PBXNativeTarget "FindVR" */ = {
			isa = XCConfigurationList;
			buildConfigurations = (
				6BC220902764C4520009C9A6 /* Debug */,
				6BC220912764C4520009C9A6 /* Release */,
			);
			defaultConfigurationIsVisible = 0;
			defaultConfigurationName = Release;
		};
/* End XCConfigurationList section */
	};
	rootObject = 6BC220732764C4500009C9A6 /* Project object */;
}
